// !$*UTF8*$!
{
	archiveVersion = 1;
	classes = {
	};
	objectVersion = 46;
	objects = {

/* Begin PBXBuildFile section */
		CFEBC1DD15992A6D00EC82CC /* main.cpp in Sources */ = {isa = PBXBuildFile; fileRef = CFEBC1DC15992A6D00EC82CC /* main.cpp */; };
		CFEBC1DF15992A6D00EC82CC /* Concurrency.1 in CopyFiles */ = {isa = PBXBuildFile; fileRef = CFEBC1DE15992A6D00EC82CC /* Concurrency.1 */; };
/* End PBXBuildFile section */

/* Begin PBXCopyFilesBuildPhase section */
		CFEBC1D615992A6D00EC82CC /* CopyFiles */ = {
			isa = PBXCopyFilesBuildPhase;
			buildActionMask = 2147483647;
			dstPath = /usr/share/man/man1/;
			dstSubfolderSpec = 0;
			files = (
				CFEBC1DF15992A6D00EC82CC /* Concurrency.1 in CopyFiles */,
			);
			runOnlyForDeploymentPostprocessing = 1;
		};
/* End PBXCopyFilesBuildPhase section */

/* Begin PBXFileReference section */
		CFEBC1D815992A6D00EC82CC /* Concurrency */ = {isa = PBXFileReference; explicitFileType = "compiled.mach-o.executable"; includeInIndex = 0; path = Concurrency; sourceTree = BUILT_PRODUCTS_DIR; };
		CFEBC1DC15992A6D00EC82CC /* main.cpp */ = {isa = PBXFileReference; lastKnownFileType = sourcecode.cpp.cpp; path = main.cpp; sourceTree = "<group>"; };
		CFEBC1DE15992A6D00EC82CC /* Concurrency.1 */ = {isa = PBXFileReference; lastKnownFileType = text.man; path = Concurrency.1; sourceTree = "<group>"; };
/* End PBXFileReference section */

/* Begin PBXFrameworksBuildPhase section */
		CFEBC1D515992A6D00EC82CC /* Frameworks */ = {
			isa = PBXFrameworksBuildPhase;
			buildActionMask = 2147483647;
			files = (
			);
			runOnlyForDeploymentPostprocessing = 0;
		};
/* End PBXFrameworksBuildPhase section */

/* Begin PBXGroup section */
		CFEBC1CD15992A6D00EC82CC = {
			isa = PBXGroup;
			children = (
				CFEBC1DB15992A6D00EC82CC /* Concurrency */,
				CFEBC1D915992A6D00EC82CC /* Products */,
			);
			sourceTree = "<group>";
		};
		CFEBC1D915992A6D00EC82CC /* Products */ = {
			isa = PBXGroup;
			children = (
				CFEBC1D815992A6D00EC82CC /* Concurrency */,
			);
			name = Products;
			sourceTree = "<group>";
		};
		CFEBC1DB15992A6D00EC82CC /* Concurrency */ = {
			isa = PBXGroup;
			children = (
				CFEBC1DC15992A6D00EC82CC /* main.cpp */,
				CFEBC1DE15992A6D00EC82CC /* Concurrency.1 */,
			);
			path = Concurrency;
			sourceTree = "<group>";
		};
/* End PBXGroup section */

/* Begin PBXNativeTarget section */
		CFEBC1D715992A6D00EC82CC /* Concurrency */ = {
			isa = PBXNativeTarget;
			buildConfigurationList = CFEBC1E215992A6D00EC82CC /* Build configuration list for PBXNativeTarget "Concurrency" */;
			buildPhases = (
				CFEBC1D415992A6D00EC82CC /* Sources */,
				CFEBC1D515992A6D00EC82CC /* Frameworks */,
				CFEBC1D615992A6D00EC82CC /* CopyFiles */,
			);
			buildRules = (
			);
			dependencies = (
			);
			name = Concurrency;
			productName = Concurrency;
			productReference = CFEBC1D815992A6D00EC82CC /* Concurrency */;
			productType = "com.apple.product-type.tool";
		};
/* End PBXNativeTarget section */

/* Begin PBXProject section */
		CFEBC1CF15992A6D00EC82CC /* Project object */ = {
			isa = PBXProject;
			attributes = {
				LastUpgradeCheck = 0430;
			};
			buildConfigurationList = CFEBC1D215992A6D00EC82CC /* Build configuration list for PBXProject "Concurrency" */;
			compatibilityVersion = "Xcode 3.2";
			developmentRegion = English;
			hasScannedForEncodings = 0;
			knownRegions = (
				en,
			);
			mainGroup = CFEBC1CD15992A6D00EC82CC;
			productRefGroup = CFEBC1D915992A6D00EC82CC /* Products */;
			projectDirPath = "";
			projectRoot = "";
			targets = (
				CFEBC1D715992A6D00EC82CC /* Concurrency */,
			);
		};
/* End PBXProject section */

/* Begin PBXSourcesBuildPhase section */
		CFEBC1D415992A6D00EC82CC /* Sources */ = {
			isa = PBXSourcesBuildPhase;
			buildActionMask = 2147483647;
			files = (
				CFEBC1DD15992A6D00EC82CC /* main.cpp in Sources */,
			);
			runOnlyForDeploymentPostprocessing = 0;
		};
/* End PBXSourcesBuildPhase section */

/* Begin XCBuildConfiguration section */
		CFEBC1E015992A6D00EC82CC /* Debug */ = {
			isa = XCBuildConfiguration;
			buildSettings = {
				ALWAYS_SEARCH_USER_PATHS = NO;
				ARCHS = "$(ARCHS_STANDARD_64_BIT)";
				CLANG_ENABLE_OBJC_ARC = YES;
				COPY_PHASE_STRIP = NO;
				GCC_C_LANGUAGE_STANDARD = gnu99;
				GCC_DYNAMIC_NO_PIC = NO;
				GCC_ENABLE_OBJC_EXCEPTIONS = YES;
				GCC_OPTIMIZATION_LEVEL = 0;
				GCC_PREPROCESSOR_DEFINITIONS = (
					"DEBUG=1",
					"$(inherited)",
				);
				GCC_SYMBOLS_PRIVATE_EXTERN = NO;
				GCC_VERSION = com.apple.compilers.llvm.clang.1_0;
				GCC_WARN_64_TO_32_BIT_CONVERSION = YES;
				GCC_WARN_ABOUT_RETURN_TYPE = YES;
				GCC_WARN_UNINITIALIZED_AUTOS = YES;
				GCC_WARN_UNUSED_VARIABLE = YES;
				MACOSX_DEPLOYMENT_TARGET = 10.7;
				ONLY_ACTIVE_ARCH = YES;
				SDKROOT = macosx;
			};
			name = Debug;
		};
		CFEBC1E115992A6D00EC82CC /* Release */ = {
			isa = XCBuildConfiguration;
			buildSettings = {
				ALWAYS_SEARCH_USER_PATHS = NO;
				ARCHS = "$(ARCHS_STANDARD_64_BIT)";
				CLANG_ENABLE_OBJC_ARC = YES;
				COPY_PHASE_STRIP = YES;
				DEBUG_INFORMATION_FORMAT = "dwarf-with-dsym";
				GCC_C_LANGUAGE_STANDARD = gnu99;
				GCC_ENABLE_OBJC_EXCEPTIONS = YES;
				GCC_VERSION = com.apple.compilers.llvm.clang.1_0;
				GCC_WARN_64_TO_32_BIT_CONVERSION = YES;
				GCC_WARN_ABOUT_RETURN_TYPE = YES;
				GCC_WARN_UNINITIALIZED_AUTOS = YES;
				GCC_WARN_UNUSED_VARIABLE = YES;
				MACOSX_DEPLOYMENT_TARGET = 10.7;
				SDKROOT = macosx;
			};
			name = Release;
		};
		CFEBC1E315992A6D00EC82CC /* Debug */ = {
			isa = XCBuildConfiguration;
			buildSettings = {
				PRODUCT_NAME = "$(TARGET_NAME)";
			};
			name = Debug;
		};
		CFEBC1E415992A6D00EC82CC /* Release */ = {
			isa = XCBuildConfiguration;
			buildSettings = {
				PRODUCT_NAME = "$(TARGET_NAME)";
			};
			name = Release;
		};
/* End XCBuildConfiguration section */

/* Begin XCConfigurationList section */
		CFEBC1D215992A6D00EC82CC /* Build configuration list for PBXProject "Concurrency" */ = {
			isa = XCConfigurationList;
			buildConfigurations = (
				CFEBC1E015992A6D00EC82CC /* Debug */,
				CFEBC1E115992A6D00EC82CC /* Release */,
			);
			defaultConfigurationIsVisible = 0;
			defaultConfigurationName = Release;
		};
		CFEBC1E215992A6D00EC82CC /* Build configuration list for PBXNativeTarget "Concurrency" */ = {
			isa = XCConfigurationList;
			buildConfigurations = (
				CFEBC1E315992A6D00EC82CC /* Debug */,
				CFEBC1E415992A6D00EC82CC /* Release */,
			);
			defaultConfigurationIsVisible = 0;
		};
/* End XCConfigurationList section */
	};
	rootObject = CFEBC1CF15992A6D00EC82CC /* Project object */;
}
